
Microsoft Visual Studio Solution File, Format Version 12.00
# Visual Studio Version 16
VisualStudioVersion = 16.0.31005.135
MinimumVisualStudioVersion = 10.0.40219.1
Project("{8BC9CEB8-8B4A-11D0-8D11-00A0C91BC942}") = "WinApiExample2", "WinApiExample2\WinApiExample2.vcxproj", "{1CC72D85-C048-411F-B272-3D6443597A55}"
EndProject
Global
	GlobalSection(SolutionConfigurationPlatforms) = preSolution
		Debug|x64 = Debug|x64
		Debug|x86 = Debug|x86
		Release|x64 = Release|x64
		Release|x86 = Release|x86
	EndGlobalSection
	GlobalSection(ProjectConfigurationPlatforms) = postSolution
		{1CC72D85-C048-411F-B272-3D6443597A55}.Debug|x64.ActiveCfg = Debug|x64
		{1CC72D85-C048-411F-B272-3D6443597A55}.Debug|x64.Build.0 = Debug|x64
		{1CC72D85-C048-411F-B272-3D6443597A55}.Debug|x86.ActiveCfg = Debug|Win32
		{1CC72D85-C048-411F-B272-3D6443597A55}.Debug|x86.Build.0 = Debug|Win32
		{1CC72D85-C048-411F-B272-3D6443597A55}.Release|x64.ActiveCfg = Release|x64
		{1CC72D85-C048-411F-B272-3D6443597A55}.Release|x64.Build.0 = Release|x64
		{1CC72D85-C048-411F-B272-3D6443597A55}.Release|x86.ActiveCfg = Release|Win32
		{1CC72D85-C048-411F-B272-3D6443597A55}.Release|x86.Build.0 = Release|Win32
	EndGlobalSection
	GlobalSection(SolutionProperties) = preSolution
		HideSolutionNode = FALSE
	EndGlobalSection
	GlobalSection(ExtensibilityGlobals) = postSolution
		SolutionGuid = {F8FF20F8-0DE7-4DD4-B855-FF29962E022B}
	EndGlobalSection
EndGlobal
