
Microsoft Visual Studio Solution File, Format Version 12.00
# Visual Studio Version 16
VisualStudioVersion = 16.0.31112.23
MinimumVisualStudioVersion = 10.0.40219.1
Project("{8BC9CEB8-8B4A-11D0-8D11-00A0C91BC942}") = "WinApiLab4", "WinApiLab4\WinApiLab4.vcxproj", "{C820E6E5-0DB7-43EE-BC26-461871D4D345}"
EndProject
Global
	GlobalSection(SolutionConfigurationPlatforms) = preSolution
		Debug|x64 = Debug|x64
		Debug|x86 = Debug|x86
		Release|x64 = Release|x64
		Release|x86 = Release|x86
	EndGlobalSection
	GlobalSection(ProjectConfigurationPlatforms) = postSolution
		{C820E6E5-0DB7-43EE-BC26-461871D4D345}.Debug|x64.ActiveCfg = Debug|x64
		{C820E6E5-0DB7-43EE-BC26-461871D4D345}.Debug|x64.Build.0 = Debug|x64
		{C820E6E5-0DB7-43EE-BC26-461871D4D345}.Debug|x86.ActiveCfg = Debug|Win32
		{C820E6E5-0DB7-43EE-BC26-461871D4D345}.Debug|x86.Build.0 = Debug|Win32
		{C820E6E5-0DB7-43EE-BC26-461871D4D345}.Release|x64.ActiveCfg = Release|x64
		{C820E6E5-0DB7-43EE-BC26-461871D4D345}.Release|x64.Build.0 = Release|x64
		{C820E6E5-0DB7-43EE-BC26-461871D4D345}.Release|x86.ActiveCfg = Release|Win32
		{C820E6E5-0DB7-43EE-BC26-461871D4D345}.Release|x86.Build.0 = Release|Win32
	EndGlobalSection
	GlobalSection(SolutionProperties) = preSolution
		HideSolutionNode = FALSE
	EndGlobalSection
	GlobalSection(ExtensibilityGlobals) = postSolution
		SolutionGuid = {4C2628B6-2835-4864-BC23-3C4CCFC958E8}
	EndGlobalSection
EndGlobal
