
Microsoft Visual Studio Solution File, Format Version 12.00
# Visual Studio Version 16
VisualStudioVersion = 16.0.31205.134
MinimumVisualStudioVersion = 10.0.40219.1
Project("{8BC9CEB8-8B4A-11D0-8D11-00A0C91BC942}") = "Lab7", "Lab7\Lab7.vcxproj", "{E19DFF9F-2A44-4ADC-A70A-89260249CF80}"
EndProject
Global
	GlobalSection(SolutionConfigurationPlatforms) = preSolution
		Debug|x64 = Debug|x64
		Debug|x86 = Debug|x86
		Release|x64 = Release|x64
		Release|x86 = Release|x86
	EndGlobalSection
	GlobalSection(ProjectConfigurationPlatforms) = postSolution
		{E19DFF9F-2A44-4ADC-A70A-89260249CF80}.Debug|x64.ActiveCfg = Debug|x64
		{E19DFF9F-2A44-4ADC-A70A-89260249CF80}.Debug|x64.Build.0 = Debug|x64
		{E19DFF9F-2A44-4ADC-A70A-89260249CF80}.Debug|x86.ActiveCfg = Debug|Win32
		{E19DFF9F-2A44-4ADC-A70A-89260249CF80}.Debug|x86.Build.0 = Debug|Win32
		{E19DFF9F-2A44-4ADC-A70A-89260249CF80}.Release|x64.ActiveCfg = Release|x64
		{E19DFF9F-2A44-4ADC-A70A-89260249CF80}.Release|x64.Build.0 = Release|x64
		{E19DFF9F-2A44-4ADC-A70A-89260249CF80}.Release|x86.ActiveCfg = Release|Win32
		{E19DFF9F-2A44-4ADC-A70A-89260249CF80}.Release|x86.Build.0 = Release|Win32
	EndGlobalSection
	GlobalSection(SolutionProperties) = preSolution
		HideSolutionNode = FALSE
	EndGlobalSection
	GlobalSection(ExtensibilityGlobals) = postSolution
		SolutionGuid = {F4E399D9-05FA-4C9D-A6E5-E8CFA90105D2}
	EndGlobalSection
EndGlobal
